Microsoft Visual Studio Solution File, Format Version 12.00
# Visual Studio Version 16
VisualStudioVersion = 16.0.32106.194
MinimumVisualStudioVersion = 10.0.40219.1
Project("{FAE04EC0-301F-11D3-BF4B-00C04F79EFBC}") = "WhitespaceCleanerExtension", "WhitespaceCleanerExtension\WhitespaceCleanerExtension.csproj", "{3A5EACC9-1E83-4D1C-BC07-F76EB241EB0D}"
EndProject
Project("{D954291E-2A0B-460D-934E-DC6B0785DB48}") = "Shared", "Shared\Shared.shproj", "{5DBA3B95-A4E9-4CA9-8EDB-D1CD707AF7BB}"
EndProject
Global
	GlobalSection(SharedMSBuildProjectFiles) = preSolution
		Shared\Shared.projitems*{3a5eacc9-1e83-4d1c-bc07-f76eb241eb0d}*SharedItemsImports = 4
		Shared\Shared.projitems*{5dba3b95-a4e9-4ca9-8edb-d1cd707af7bb}*SharedItemsImports = 13
	EndGlobalSection
	GlobalSection(SolutionConfigurationPlatforms) = preSolution
		Debug|Any CPU = Debug|Any CPU
		Release|Any CPU = Release|Any CPU
	EndGlobalSection
	GlobalSection(ProjectConfigurationPlatforms) = postSolution
		{3A5EACC9-1E83-4D1C-BC07-F76EB241EB0D}.Debug|Any CPU.ActiveCfg = Debug|Any CPU
		{3A5EACC9-1E83-4D1C-BC07-F76EB241EB0D}.Debug|Any CPU.Build.0 = Debug|Any CPU
		{3A5EACC9-1E83-4D1C-BC07-F76EB241EB0D}.Release|Any CPU.ActiveCfg = Release|Any CPU
		{3A5EACC9-1E83-4D1C-BC07-F76EB241EB0D}.Release|Any CPU.Build.0 = Release|Any CPU
	EndGlobalSection
	GlobalSection(SolutionProperties) = preSolution
		HideSolutionNode = FALSE
	EndGlobalSection
	GlobalSection(ExtensibilityGlobals) = postSolution
		SolutionGuid = {92DBEC80-EA90-4040-B2BF-56533BF2CE46}
	EndGlobalSection
EndGlobal
